
Microsoft Visual Studio Solution File, Format Version 12.00
# Visual Studio 15
VisualStudioVersion = 15.0.26430.16
MinimumVisualStudioVersion = 10.0.40219.1
Project("{FAE04EC0-301F-11D3-BF4B-00C04F79EFBC}") = "HoneywellCaptuvoDemo", "HoneywellCaptuvoDemo\HoneywellCaptuvoDemo.csproj", "{A9E7B335-B700-4500-B0DC-B7B57A64A881}"
	ProjectSection(ProjectDependencies) = postProject
		{EB7C71B4-0859-4AAE-BF13-BCE9DCCE5894} = {EB7C71B4-0859-4AAE-BF13-BCE9DCCE5894}
	EndProjectSection
EndProject
Project("{FAE04EC0-301F-11D3-BF4B-00C04F79EFBC}") = "CaptuvoSDK", "..\CaptuvoSDK\CaptuvoSDK\CaptuvoSDK.csproj", "{EB7C71B4-0859-4AAE-BF13-BCE9DCCE5894}"
EndProject
Global
	GlobalSection(SolutionConfigurationPlatforms) = preSolution
		Ad-Hoc|Any CPU = Ad-Hoc|Any CPU
		Ad-Hoc|iPhone = Ad-Hoc|iPhone
		Ad-Hoc|iPhoneSimulator = Ad-Hoc|iPhoneSimulator
		AppStore|Any CPU = AppStore|Any CPU
		AppStore|iPhone = AppStore|iPhone
		AppStore|iPhoneSimulator = AppStore|iPhoneSimulator
		Debug|Any CPU = Debug|Any CPU
		Debug|iPhone = Debug|iPhone
		Debug|iPhoneSimulator = Debug|iPhoneSimulator
		Release|Any CPU = Release|Any CPU
		Release|iPhone = Release|iPhone
		Release|iPhoneSimulator = Release|iPhoneSimulator
	EndGlobalSection
	GlobalSection(ProjectConfigurationPlatforms) = postSolution
		{A9E7B335-B700-4500-B0DC-B7B57A64A881}.Ad-Hoc|Any CPU.ActiveCfg = Ad-Hoc|iPhoneSimulator
		{A9E7B335-B700-4500-B0DC-B7B57A64A881}.Ad-Hoc|iPhone.ActiveCfg = Ad-Hoc|iPhone
		{A9E7B335-B700-4500-B0DC-B7B57A64A881}.Ad-Hoc|iPhone.Build.0 = Ad-Hoc|iPhone
		{A9E7B335-B700-4500-B0DC-B7B57A64A881}.Ad-Hoc|iPhoneSimulator.ActiveCfg = Ad-Hoc|iPhoneSimulator
		{A9E7B335-B700-4500-B0DC-B7B57A64A881}.Ad-Hoc|iPhoneSimulator.Build.0 = Ad-Hoc|iPhoneSimulator
		{A9E7B335-B700-4500-B0DC-B7B57A64A881}.AppStore|Any CPU.ActiveCfg = AppStore|iPhoneSimulator
		{A9E7B335-B700-4500-B0DC-B7B57A64A881}.AppStore|iPhone.ActiveCfg = AppStore|iPhone
		{A9E7B335-B700-4500-B0DC-B7B57A64A881}.AppStore|iPhone.Build.0 = AppStore|iPhone
		{A9E7B335-B700-4500-B0DC-B7B57A64A881}.AppStore|iPhoneSimulator.ActiveCfg = AppStore|iPhoneSimulator
		{A9E7B335-B700-4500-B0DC-B7B57A64A881}.AppStore|iPhoneSimulator.Build.0 = AppStore|iPhoneSimulator
		{A9E7B335-B700-4500-B0DC-B7B57A64A881}.Debug|Any CPU.ActiveCfg = Debug|iPhoneSimulator
		{A9E7B335-B700-4500-B0DC-B7B57A64A881}.Debug|iPhone.ActiveCfg = Debug|iPhone
		{A9E7B335-B700-4500-B0DC-B7B57A64A881}.Debug|iPhone.Build.0 = Debug|iPhone
		{A9E7B335-B700-4500-B0DC-B7B57A64A881}.Debug|iPhoneSimulator.ActiveCfg = Debug|iPhoneSimulator
		{A9E7B335-B700-4500-B0DC-B7B57A64A881}.Debug|iPhoneSimulator.Build.0 = Debug|iPhoneSimulator
		{A9E7B335-B700-4500-B0DC-B7B57A64A881}.Release|Any CPU.ActiveCfg = Release|iPhoneSimulator
		{A9E7B335-B700-4500-B0DC-B7B57A64A881}.Release|iPhone.ActiveCfg = Release|iPhone
		{A9E7B335-B700-4500-B0DC-B7B57A64A881}.Release|iPhone.Build.0 = Release|iPhone
		{A9E7B335-B700-4500-B0DC-B7B57A64A881}.Release|iPhoneSimulator.ActiveCfg = Release|iPhoneSimulator
		{A9E7B335-B700-4500-B0DC-B7B57A64A881}.Release|iPhoneSimulator.Build.0 = Release|iPhoneSimulator
		{EB7C71B4-0859-4AAE-BF13-BCE9DCCE5894}.Ad-Hoc|Any CPU.ActiveCfg = Release|Any CPU
		{EB7C71B4-0859-4AAE-BF13-BCE9DCCE5894}.Ad-Hoc|Any CPU.Build.0 = Release|Any CPU
		{EB7C71B4-0859-4AAE-BF13-BCE9DCCE5894}.Ad-Hoc|iPhone.ActiveCfg = Release|Any CPU
		{EB7C71B4-0859-4AAE-BF13-BCE9DCCE5894}.Ad-Hoc|iPhone.Build.0 = Release|Any CPU
		{EB7C71B4-0859-4AAE-BF13-BCE9DCCE5894}.Ad-Hoc|iPhoneSimulator.ActiveCfg = Release|Any CPU
		{EB7C71B4-0859-4AAE-BF13-BCE9DCCE5894}.Ad-Hoc|iPhoneSimulator.Build.0 = Release|Any CPU
		{EB7C71B4-0859-4AAE-BF13-BCE9DCCE5894}.AppStore|Any CPU.ActiveCfg = Release|Any CPU
		{EB7C71B4-0859-4AAE-BF13-BCE9DCCE5894}.AppStore|Any CPU.Build.0 = Release|Any CPU
		{EB7C71B4-0859-4AAE-BF13-BCE9DCCE5894}.AppStore|iPhone.ActiveCfg = Release|Any CPU
		{EB7C71B4-0859-4AAE-BF13-BCE9DCCE5894}.AppStore|iPhone.Build.0 = Release|Any CPU
		{EB7C71B4-0859-4AAE-BF13-BCE9DCCE5894}.AppStore|iPhoneSimulator.ActiveCfg = Release|Any CPU
		{EB7C71B4-0859-4AAE-BF13-BCE9DCCE5894}.AppStore|iPhoneSimulator.Build.0 = Release|Any CPU
		{EB7C71B4-0859-4AAE-BF13-BCE9DCCE5894}.Debug|Any CPU.ActiveCfg = Debug|Any CPU
		{EB7C71B4-0859-4AAE-BF13-BCE9DCCE5894}.Debug|Any CPU.Build.0 = Debug|Any CPU
		{EB7C71B4-0859-4AAE-BF13-BCE9DCCE5894}.Debug|iPhone.ActiveCfg = Debug|Any CPU
		{EB7C71B4-0859-4AAE-BF13-BCE9DCCE5894}.Debug|iPhone.Build.0 = Debug|Any CPU
		{EB7C71B4-0859-4AAE-BF13-BCE9DCCE5894}.Debug|iPhoneSimulator.ActiveCfg = Debug|Any CPU
		{EB7C71B4-0859-4AAE-BF13-BCE9DCCE5894}.Debug|iPhoneSimulator.Build.0 = Debug|Any CPU
		{EB7C71B4-0859-4AAE-BF13-BCE9DCCE5894}.Release|Any CPU.ActiveCfg = Release|Any CPU
		{EB7C71B4-0859-4AAE-BF13-BCE9DCCE5894}.Release|Any CPU.Build.0 = Release|Any CPU
		{EB7C71B4-0859-4AAE-BF13-BCE9DCCE5894}.Release|iPhone.ActiveCfg = Release|Any CPU
		{EB7C71B4-0859-4AAE-BF13-BCE9DCCE5894}.Release|iPhone.Build.0 = Release|Any CPU
		{EB7C71B4-0859-4AAE-BF13-BCE9DCCE5894}.Release|iPhoneSimulator.ActiveCfg = Release|Any CPU
		{EB7C71B4-0859-4AAE-BF13-BCE9DCCE5894}.Release|iPhoneSimulator.Build.0 = Release|Any CPU
	EndGlobalSection
	GlobalSection(SolutionProperties) = preSolution
		HideSolutionNode = FALSE
	EndGlobalSection
EndGlobal
